{
  "name": "myapp",
  "version": "1.0.0",
  "lockfileVersion": 3,
  "requires": true,
  "packages": {
    "": {
      "name": "myapp",
      "version": "1.0.0",
      "license": "ISC",
      "dependencies": {
        "@rmoreiradematos/fluentsql": "^2.0.0"
      }
    },
    "node_modules/@rmoreiradematos/fluentsql": {
      "version": "2.0.0",
      "resolved": "https://registry.npmjs.org/@rmoreiradematos/fluentsql/-/fluentsql-2.0.0.tgz",
      "integrity": "sha512-cY7WE39FF3S3CRgT8N1ZCT9uk1C2GMD2Wlc3grh1hCQm6A47k2Z11+sfmb8EEx6HP2ZNRDexnzOg/by1/znmUw=="
    }
  }
}
