{
  "name": "app",
  "version": "1.0.0",
  "lockfileVersion": 3,
  "requires": true,
  "packages": {
    "": {
      "name": "app",
      "version": "1.0.0",
      "license": "ISC",
      "dependencies": {
        "@rmoreiradematos/date-util": "^1.0.0"
      }
    },
    "node_modules/@rmoreiradematos/date-util": {
      "version": "1.0.0",
      "resolved": "http://localhost:4873/@rmoreiradematos/date-util/-/date-util-1.0.0.tgz",
      "integrity": "sha512-4+78MbBw3VsQflKODiJ/LKYsHG/emnKhKIasRkcXsTzGPkB4nVZDI8xaJatoXi0Ncq9qK3iF2UJLvdb6kqAyjA==",
      "dependencies": {
        "@rmoreiradematos/string-util": "^1.0.0"
      }
    },
    "node_modules/@rmoreiradematos/string-util": {
      "version": "1.0.0",
      "resolved": "http://localhost:4873/@rmoreiradematos/string-util/-/string-util-1.0.0.tgz",
      "integrity": "sha512-DJDg0FDOKz80m/099Nn0stSEEK7fkS8kW4gDiEpz1vAsuY4nnrKdz+/CJI1EmCCayqR5eyBmtIkS2C+SHY1g0Q=="
    }
  }
}
